github.com/maximorov/auditor v0.0.0-20221221093606-fa7b37220abb h1:VXsTyn0XFooz36vkcSYK6tEJtUpOCjWCHFLAV0fneZw=
github.com/maximorov/auditor v0.0.0-20221221093606-fa7b37220abb/go.mod h1:StbC60VBL13MzhnKNPfyl+KqAHwIkB81CC45f+zmeFw=
github.com/maximorov/gocourse14 v1.1.0 h1:x4G3HEZe5Rjd6OouJd9WMXV/sf2YUzYmIr+dPUILBq4=
github.com/maximorov/gocourse14 v1.1.0/go.mod h1:dpquPbOHP/Lg9Cnzmi6ACfGfKzcdavW/xxN8q/twAF0=
